
Microsoft Visual Studio Solution File, Format Version 12.00
# Visual Studio Version 16
VisualStudioVersion = 16.0.32126.315
MinimumVisualStudioVersion = 10.0.40219.1
Project("{8BC9CEB8-8B4A-11D0-8D11-00A0C91BC942}") = "stl_lab3_2", "stl_lab3_2\stl_lab3_2.vcxproj", "{EE456A1F-171C-47A1-AD62-C84E56DD0652}"
EndProject
Global
	GlobalSection(SolutionConfigurationPlatforms) = preSolution
		Debug|x64 = Debug|x64
		Debug|x86 = Debug|x86
		Release|x64 = Release|x64
		Release|x86 = Release|x86
	EndGlobalSection
	GlobalSection(ProjectConfigurationPlatforms) = postSolution
		{EE456A1F-171C-47A1-AD62-C84E56DD0652}.Debug|x64.ActiveCfg = Debug|x64
		{EE456A1F-171C-47A1-AD62-C84E56DD0652}.Debug|x64.Build.0 = Debug|x64
		{EE456A1F-171C-47A1-AD62-C84E56DD0652}.Debug|x86.ActiveCfg = Debug|Win32
		{EE456A1F-171C-47A1-AD62-C84E56DD0652}.Debug|x86.Build.0 = Debug|Win32
		{EE456A1F-171C-47A1-AD62-C84E56DD0652}.Release|x64.ActiveCfg = Release|x64
		{EE456A1F-171C-47A1-AD62-C84E56DD0652}.Release|x64.Build.0 = Release|x64
		{EE456A1F-171C-47A1-AD62-C84E56DD0652}.Release|x86.ActiveCfg = Release|Win32
		{EE456A1F-171C-47A1-AD62-C84E56DD0652}.Release|x86.Build.0 = Release|Win32
	EndGlobalSection
	GlobalSection(SolutionProperties) = preSolution
		HideSolutionNode = FALSE
	EndGlobalSection
	GlobalSection(ExtensibilityGlobals) = postSolution
		SolutionGuid = {C6DA1EE3-C493-4D6C-90A8-CC9B7AE5FAC9}
	EndGlobalSection
EndGlobal
