
Microsoft Visual Studio Solution File, Format Version 12.00
# Visual Studio Version 16
VisualStudioVersion = 16.0.32126.315
MinimumVisualStudioVersion = 10.0.40219.1
Project("{8BC9CEB8-8B4A-11D0-8D11-00A0C91BC942}") = "stl_lab4_iterators", "stl_lab4_iterators\stl_lab4_iterators.vcxproj", "{81AE0229-1CD8-4712-BD90-F8B1D46FBD45}"
EndProject
Global
	GlobalSection(SolutionConfigurationPlatforms) = preSolution
		Debug|x64 = Debug|x64
		Debug|x86 = Debug|x86
		Release|x64 = Release|x64
		Release|x86 = Release|x86
	EndGlobalSection
	GlobalSection(ProjectConfigurationPlatforms) = postSolution
		{81AE0229-1CD8-4712-BD90-F8B1D46FBD45}.Debug|x64.ActiveCfg = Debug|x64
		{81AE0229-1CD8-4712-BD90-F8B1D46FBD45}.Debug|x64.Build.0 = Debug|x64
		{81AE0229-1CD8-4712-BD90-F8B1D46FBD45}.Debug|x86.ActiveCfg = Debug|Win32
		{81AE0229-1CD8-4712-BD90-F8B1D46FBD45}.Debug|x86.Build.0 = Debug|Win32
		{81AE0229-1CD8-4712-BD90-F8B1D46FBD45}.Release|x64.ActiveCfg = Release|x64
		{81AE0229-1CD8-4712-BD90-F8B1D46FBD45}.Release|x64.Build.0 = Release|x64
		{81AE0229-1CD8-4712-BD90-F8B1D46FBD45}.Release|x86.ActiveCfg = Release|Win32
		{81AE0229-1CD8-4712-BD90-F8B1D46FBD45}.Release|x86.Build.0 = Release|Win32
	EndGlobalSection
	GlobalSection(SolutionProperties) = preSolution
		HideSolutionNode = FALSE
	EndGlobalSection
	GlobalSection(ExtensibilityGlobals) = postSolution
		SolutionGuid = {9790F04C-CD9F-4C17-999F-12BAC4D996E8}
	EndGlobalSection
EndGlobal
